# This file is automatically @generated by Poetry 2.2.0 and should not be changed by hand.

[[package]]
name = "glfw"
version = "2.10.0"
description = "A ctypes-based wrapper for GLFW3."
optional = false
python-versions = "*"
groups = ["main"]
files = [
    {file = "glfw-2.10.0-py2.py27.py3.py30.py31.py32.py33.py34.py35.py36.py37.py38.p39.p310.p311.p312.p313-none-macosx_10_6_intel.whl", hash = "sha256:5f365a8c94bcea71ec91327e7c16e7cf739128479a18b8c1241b004b40acc412"},
    {file = "glfw-2.10.0-py2.py27.py3.py30.py31.py32.py33.py34.py35.py36.py37.py38.p39.p310.p311.p312.p313-none-macosx_11_0_arm64.whl", hash = "sha256:5328db1a92d07abd988730517ec02aa8390d3e6ef7ce98c8b57ecba2f43a39ba"},
    {file = "glfw-2.10.0-py2.py27.py3.py30.py31.py32.py33.py34.py35.py36.py37.py38.p39.p310.p311.p312.p313-none-manylinux2014_aarch64.whl", hash = "sha256:312c4c1dd5509613ed6bc1e95a8dbb75a36b6dcc4120f50dc3892b40172e9053"},
    {file = "glfw-2.10.0-py2.py27.py3.py30.py31.py32.py33.py34.py35.py36.py37.py38.p39.p310.p311.p312.p313-none-manylinux2014_x86_64.whl", hash = "sha256:59c53387dc08c62e8bed86bbe3a8d53ab1b27161281ffa0e7f27b64284e2627c"},
    {file = "glfw-2.10.0-py2.py27.py3.py30.py31.py32.py33.py34.py35.py36.py37.py38.p39.p310.p311.p312.p313-none-manylinux_2_28_aarch64.whl", hash = "sha256:c6f292fdaf3f9a99e598ede6582d21c523a6f51f8f5e66213849101a6bcdc699"},
    {file = "glfw-2.10.0-py2.py27.py3.py30.py31.py32.py33.py34.py35.py36.py37.py38.p39.p310.p311.p312.p313-none-manylinux_2_28_x86_64.whl", hash = "sha256:7916034efa867927892635733a3b6af8cd95ceb10566fd7f1e0d2763c2ee8b12"},
    {file = "glfw-2.10.0-py2.py27.py3.py30.py31.py32.py33.py34.py35.py36.py37.py38.p39.p310.p311.p312.p313-none-win32.whl", hash = "sha256:6c9549da71b93e367b4d71438798daae1da2592039fd14204a80a1a2348ae127"},
    {file = "glfw-2.10.0-py2.py27.py3.py30.py31.py32.py33.py34.py35.py36.py37.py38.p39.p310.p311.p312.p313-none-win_amd64.whl", hash = "sha256:6292d5d6634d668cd23d337e6089491d3945a9aa4ac6e1667b0003520d7caa51"},
    {file = "glfw-2.10.0.tar.gz", hash = "sha256:801e55d8581b34df9aa2cfea43feb06ff617576e2a8cc5dac23ee75b26d10abe"},
]

[package.extras]
preview = ["glfw-preview"]

[[package]]
name = "numpy"
version = "2.3.3"
description = "Fundamental package for array computing in Python"
optional = false
python-versions = ">=3.11"
groups = ["main"]
files = [
    {file = "numpy-2.3.3-cp311-cp311-macosx_10_9_x86_64.whl", hash = "sha256:0ffc4f5caba7dfcbe944ed674b7eef683c7e94874046454bb79ed7ee0236f59d"},
    {file = "numpy-2.3.3-cp311-cp311-macosx_11_0_arm64.whl", hash = "sha256:e7e946c7170858a0295f79a60214424caac2ffdb0063d4d79cb681f9aa0aa569"},
    {file = "numpy-2.3.3-cp311-cp311-macosx_14_0_arm64.whl", hash = "sha256:cd4260f64bc794c3390a63bf0728220dd1a68170c169088a1e0dfa2fde1be12f"},
    {file = "numpy-2.3.3-cp311-cp311-macosx_14_0_x86_64.whl", hash = "sha256:f0ddb4b96a87b6728df9362135e764eac3cfa674499943ebc44ce96c478ab125"},
    {file = "numpy-2.3.3-cp311-cp311-manylinux_2_27_aarch64.manylinux_2_28_aarch64.whl", hash = "sha256:afd07d377f478344ec6ca2b8d4ca08ae8bd44706763d1efb56397de606393f48"},
    {file = "numpy-2.3.3-cp311-cp311-manylinux_2_27_x86_64.manylinux_2_28_x86_64.whl", hash = "sha256:bc92a5dedcc53857249ca51ef29f5e5f2f8c513e22cfb90faeb20343b8c6f7a6"},
    {file = "numpy-2.3.3-cp311-cp311-musllinux_1_2_aarch64.whl", hash = "sha256:7af05ed4dc19f308e1d9fc759f36f21921eb7bbfc82843eeec6b2a2863a0aefa"},
    {file = "numpy-2.3.3-cp311-cp311-musllinux_1_2_x86_64.whl", hash = "sha256:433bf137e338677cebdd5beac0199ac84712ad9d630b74eceeb759eaa45ddf30"},
    {file = "numpy-2.3.3-cp311-cp311-win32.whl", hash = "sha256:eb63d443d7b4ffd1e873f8155260d7f58e7e4b095961b01c91062935c2491e57"},
    {file = "numpy-2.3.3-cp311-cp311-win_amd64.whl", hash = "sha256:ec9d249840f6a565f58d8f913bccac2444235025bbb13e9a4681783572ee3caa"},
    {file = "numpy-2.3.3-cp311-cp311-win_arm64.whl", hash = "sha256:74c2a948d02f88c11a3c075d9733f1ae67d97c6bdb97f2bb542f980458b257e7"},
    {file = "numpy-2.3.3-cp312-cp312-macosx_10_13_x86_64.whl", hash = "sha256:cfdd09f9c84a1a934cde1eec2267f0a43a7cd44b2cca4ff95b7c0d14d144b0bf"},
    {file = "numpy-2.3.3-cp312-cp312-macosx_11_0_arm64.whl", hash = "sha256:cb32e3cf0f762aee47ad1ddc6672988f7f27045b0783c887190545baba73aa25"},
    {file = "numpy-2.3.3-cp312-cp312-macosx_14_0_arm64.whl", hash = "sha256:396b254daeb0a57b1fe0ecb5e3cff6fa79a380fa97c8f7781a6d08cd429418fe"},
    {file = "numpy-2.3.3-cp312-cp312-macosx_14_0_x86_64.whl", hash = "sha256:067e3d7159a5d8f8a0b46ee11148fc35ca9b21f61e3c49fbd0a027450e65a33b"},
    {file = "numpy-2.3.3-cp312-cp312-manylinux_2_27_aarch64.manylinux_2_28_aarch64.whl", hash = "sha256:1c02d0629d25d426585fb2e45a66154081b9fa677bc92a881ff1d216bc9919a8"},
    {file = "numpy-2.3.3-cp312-cp312-manylinux_2_27_x86_64.manylinux_2_28_x86_64.whl", hash = "sha256:d9192da52b9745f7f0766531dcfa978b7763916f158bb63bdb8a1eca0068ab20"},
    {file = "numpy-2.3.3-cp312-cp312-musllinux_1_2_aarch64.whl", hash = "sha256:cd7de500a5b66319db419dc3c345244404a164beae0d0937283b907d8152e6ea"},
    {file = "numpy-2.3.3-cp312-cp312-musllinux_1_2_x86_64.whl", hash = "sha256:93d4962d8f82af58f0b2eb85daaf1b3ca23fe0a85d0be8f1f2b7bb46034e56d7"},
    {file = "numpy-2.3.3-cp312-cp312-win32.whl", hash = "sha256:5534ed6b92f9b7dca6c0a19d6df12d41c68b991cef051d108f6dbff3babc4ebf"},
    {file = "numpy-2.3.3-cp312-cp312-win_amd64.whl", hash = "sha256:497d7cad08e7092dba36e3d296fe4c97708c93daf26643a1ae4b03f6294d30eb"},
    {file = "numpy-2.3.3-cp312-cp312-win_arm64.whl", hash = "sha256:ca0309a18d4dfea6fc6262a66d06c26cfe4640c3926ceec90e57791a82b6eee5"},
    {file = "numpy-2.3.3-cp313-cp313-macosx_10_13_x86_64.whl", hash = "sha256:f5415fb78995644253370985342cd03572ef8620b934da27d77377a2285955bf"},
    {file = "numpy-2.3.3-cp313-cp313-macosx_11_0_arm64.whl", hash = "sha256:d00de139a3324e26ed5b95870ce63be7ec7352171bc69a4cf1f157a48e3eb6b7"},
    {file = "numpy-2.3.3-cp313-cp313-macosx_14_0_arm64.whl", hash = "sha256:9dc13c6a5829610cc07422bc74d3ac083bd8323f14e2827d992f9e52e22cd6a6"},
    {file = "numpy-2.3.3-cp313-cp313-macosx_14_0_x86_64.whl", hash = "sha256:d79715d95f1894771eb4e60fb23f065663b2298f7d22945d66877aadf33d00c7"},
    {file = "numpy-2.3.3-cp313-cp313-manylinux_2_27_aarch64.manylinux_2_28_aarch64.whl", hash = "sha256:952cfd0748514ea7c3afc729a0fc639e61655ce4c55ab9acfab14bda4f402b4c"},
    {file = "numpy-2.3.3-cp313-cp313-manylinux_2_27_x86_64.manylinux_2_28_x86_64.whl", hash = "sha256:5b83648633d46f77039c29078751f80da65aa64d5622a3cd62aaef9d835b6c93"},
    {file = "numpy-2.3.3-cp313-cp313-musllinux_1_2_aarch64.whl", hash = "sha256:b001bae8cea1c7dfdb2ae2b017ed0a6f2102d7a70059df1e338e307a4c78a8ae"},
    {file = "numpy-2.3.3-cp313-cp313-musllinux_1_2_x86_64.whl", hash = "sha256:8e9aced64054739037d42fb84c54dd38b81ee238816c948c8f3ed134665dcd86"},
    {file = "numpy-2.3.3-cp313-cp313-win32.whl", hash = "sha256:9591e1221db3f37751e6442850429b3aabf7026d3b05542d102944ca7f00c8a8"},
    {file = "numpy-2.3.3-cp313-cp313-win_amd64.whl", hash = "sha256:f0dadeb302887f07431910f67a14d57209ed91130be0adea2f9793f1a4f817cf"},
    {file = "numpy-2.3.3-cp313-cp313-win_arm64.whl", hash = "sha256:3c7cf302ac6e0b76a64c4aecf1a09e51abd9b01fc7feee80f6c43e3ab1b1dbc5"},
    {file = "numpy-2.3.3-cp313-cp313t-macosx_10_13_x86_64.whl", hash = "sha256:eda59e44957d272846bb407aad19f89dc6f58fecf3504bd144f4c5cf81a7eacc"},
    {file = "numpy-2.3.3-cp313-cp313t-macosx_11_0_arm64.whl", hash = "sha256:823d04112bc85ef5c4fda73ba24e6096c8f869931405a80aa8b0e604510a26bc"},
    {file = "numpy-2.3.3-cp313-cp313t-macosx_14_0_arm64.whl", hash = "sha256:40051003e03db4041aa325da2a0971ba41cf65714e65d296397cc0e32de6018b"},
    {file = "numpy-2.3.3-cp313-cp313t-macosx_14_0_x86_64.whl", hash = "sha256:6ee9086235dd6ab7ae75aba5662f582a81ced49f0f1c6de4260a78d8f2d91a19"},
    {file = "numpy-2.3.3-cp313-cp313t-manylinux_2_27_aarch64.manylinux_2_28_aarch64.whl", hash = "sha256:94fcaa68757c3e2e668ddadeaa86ab05499a70725811e582b6a9858dd472fb30"},
    {file = "numpy-2.3.3-cp313-cp313t-manylinux_2_27_x86_64.manylinux_2_28_x86_64.whl", hash = "sha256:da1a74b90e7483d6ce5244053399a614b1d6b7bc30a60d2f570e5071f8959d3e"},
    {file = "numpy-2.3.3-cp313-cp313t-musllinux_1_2_aarch64.whl", hash = "sha256:2990adf06d1ecee3b3dcbb4977dfab6e9f09807598d647f04d385d29e7a3c3d3"},
    {file = "numpy-2.3.3-cp313-cp313t-musllinux_1_2_x86_64.whl", hash = "sha256:ed635ff692483b8e3f0fcaa8e7eb8a75ee71aa6d975388224f70821421800cea"},
    {file = "numpy-2.3.3-cp313-cp313t-win32.whl", hash = "sha256:a333b4ed33d8dc2b373cc955ca57babc00cd6f9009991d9edc5ddbc1bac36bcd"},
    {file = "numpy-2.3.3-cp313-cp313t-win_amd64.whl", hash = "sha256:4384a169c4d8f97195980815d6fcad04933a7e1ab3b530921c3fef7a1c63426d"},
    {file = "numpy-2.3.3-cp313-cp313t-win_arm64.whl", hash = "sha256:75370986cc0bc66f4ce5110ad35aae6d182cc4ce6433c40ad151f53690130bf1"},
    {file = "numpy-2.3.3-cp314-cp314-macosx_10_13_x86_64.whl", hash = "sha256:cd052f1fa6a78dee696b58a914b7229ecfa41f0a6d96dc663c1220a55e137593"},
    {file = "numpy-2.3.3-cp314-cp314-macosx_11_0_arm64.whl", hash = "sha256:414a97499480067d305fcac9716c29cf4d0d76db6ebf0bf3cbce666677f12652"},
    {file = "numpy-2.3.3-cp314-cp314-macosx_14_0_arm64.whl", hash = "sha256:50a5fe69f135f88a2be9b6ca0481a68a136f6febe1916e4920e12f1a34e708a7"},
    {file = "numpy-2.3.3-cp314-cp314-macosx_14_0_x86_64.whl", hash = "sha256:b912f2ed2b67a129e6a601e9d93d4fa37bef67e54cac442a2f588a54afe5c67a"},
    {file = "numpy-2.3.3-cp314-cp314-manylinux_2_27_aarch64.manylinux_2_28_aarch64.whl", hash = "sha256:9e318ee0596d76d4cb3d78535dc005fa60e5ea348cd131a51e99d0bdbe0b54fe"},
    {file = "numpy-2.3.3-cp314-cp314-manylinux_2_27_x86_64.manylinux_2_28_x86_64.whl", hash = "sha256:ce020080e4a52426202bdb6f7691c65bb55e49f261f31a8f506c9f6bc7450421"},
    {file = "numpy-2.3.3-cp314-cp314-musllinux_1_2_aarch64.whl", hash = "sha256:e6687dc183aa55dae4a705b35f9c0f8cb178bcaa2f029b241ac5356221d5c021"},
    {file = "numpy-2.3.3-cp314-cp314-musllinux_1_2_x86_64.whl", hash = "sha256:d8f3b1080782469fdc1718c4ed1d22549b5fb12af0d57d35e992158a772a37cf"},
    {file = "numpy-2.3.3-cp314-cp314-win32.whl", hash = "sha256:cb248499b0bc3be66ebd6578b83e5acacf1d6cb2a77f2248ce0e40fbec5a76d0"},
    {file = "numpy-2.3.3-cp314-cp314-win_amd64.whl", hash = "sha256:691808c2b26b0f002a032c73255d0bd89751425f379f7bcd22d140db593a96e8"},
    {file = "numpy-2.3.3-cp314-cp314-win_arm64.whl", hash = "sha256:9ad12e976ca7b10f1774b03615a2a4bab8addce37ecc77394d8e986927dc0dfe"},
    {file = "numpy-2.3.3-cp314-cp314t-macosx_10_13_x86_64.whl", hash = "sha256:9cc48e09feb11e1db00b320e9d30a4151f7369afb96bd0e48d942d09da3a0d00"},
    {file = "numpy-2.3.3-cp314-cp314t-macosx_11_0_arm64.whl", hash = "sha256:901bf6123879b7f251d3631967fd574690734236075082078e0571977c6a8e6a"},
    {file = "numpy-2.3.3-cp314-cp314t-macosx_14_0_arm64.whl", hash = "sha256:7f025652034199c301049296b59fa7d52c7e625017cae4c75d8662e377bf487d"},
    {file = "numpy-2.3.3-cp314-cp314t-macosx_14_0_x86_64.whl", hash = "sha256:533ca5f6d325c80b6007d4d7fb1984c303553534191024ec6a524a4c92a5935a"},
    {file = "numpy-2.3.3-cp314-cp314t-manylinux_2_27_aarch64.manylinux_2_28_aarch64.whl", hash = "sha256:0edd58682a399824633b66885d699d7de982800053acf20be1eaa46d92009c54"},
    {file = "numpy-2.3.3-cp314-cp314t-manylinux_2_27_x86_64.manylinux_2_28_x86_64.whl", hash = "sha256:367ad5d8fbec5d9296d18478804a530f1191e24ab4d75ab408346ae88045d25e"},
    {file = "numpy-2.3.3-cp314-cp314t-musllinux_1_2_aarch64.whl", hash = "sha256:8f6ac61a217437946a1fa48d24c47c91a0c4f725237871117dea264982128097"},
    {file = "numpy-2.3.3-cp314-cp314t-musllinux_1_2_x86_64.whl", hash = "sha256:179a42101b845a816d464b6fe9a845dfaf308fdfc7925387195570789bb2c970"},
    {file = "numpy-2.3.3-cp314-cp314t-win32.whl", hash = "sha256:1250c5d3d2562ec4174bce2e3a1523041595f9b651065e4a4473f5f48a6bc8a5"},
    {file = "numpy-2.3.3-cp314-cp314t-win_amd64.whl", hash = "sha256:b37a0b2e5935409daebe82c1e42274d30d9dd355852529eab91dab8dcca7419f"},
    {file = "numpy-2.3.3-cp314-cp314t-win_arm64.whl", hash = "sha256:78c9f6560dc7e6b3990e32df7ea1a50bbd0e2a111e05209963f5ddcab7073b0b"},
    {file = "numpy-2.3.3-pp311-pypy311_pp73-macosx_10_15_x86_64.whl", hash = "sha256:1e02c7159791cd481e1e6d5ddd766b62a4d5acf8df4d4d1afe35ee9c5c33a41e"},
    {file = "numpy-2.3.3-pp311-pypy311_pp73-macosx_11_0_arm64.whl", hash = "sha256:dca2d0fc80b3893ae72197b39f69d55a3cd8b17ea1b50aa4c62de82419936150"},
    {file = "numpy-2.3.3-pp311-pypy311_pp73-macosx_14_0_arm64.whl", hash = "sha256:99683cbe0658f8271b333a1b1b4bb3173750ad59c0c61f5bbdc5b318918fffe3"},
    {file = "numpy-2.3.3-pp311-pypy311_pp73-macosx_14_0_x86_64.whl", hash = "sha256:d9d537a39cc9de668e5cd0e25affb17aec17b577c6b3ae8a3d866b479fbe88d0"},
    {file = "numpy-2.3.3-pp311-pypy311_pp73-manylinux_2_27_aarch64.manylinux_2_28_aarch64.whl", hash = "sha256:8596ba2f8af5f93b01d97563832686d20206d303024777f6dfc2e7c7c3f1850e"},
    {file = "numpy-2.3.3-pp311-pypy311_pp73-manylinux_2_27_x86_64.manylinux_2_28_x86_64.whl", hash = "sha256:e1ec5615b05369925bd1125f27df33f3b6c8bc10d788d5999ecd8769a1fa04db"},
    {file = "numpy-2.3.3-pp311-pypy311_pp73-win_amd64.whl", hash = "sha256:2e267c7da5bf7309670523896df97f93f6e469fb931161f483cd6882b3b1a5dc"},
    {file = "numpy-2.3.3.tar.gz", hash = "sha256:ddc7c39727ba62b80dfdbedf400d1c10ddfa8eefbd7ec8dcb118be8b56d31029"},
]

[[package]]
name = "pybind11"
version = "3.0.1"
description = "Seamless operability between C++11 and Python"
optional = false
python-versions = ">=3.8"
groups = ["main"]
files = [
    {file = "pybind11-3.0.1-py3-none-any.whl", hash = "sha256:aa8f0aa6e0a94d3b64adfc38f560f33f15e589be2175e103c0a33c6bce55ee89"},
    {file = "pybind11-3.0.1.tar.gz", hash = "sha256:9c0f40056a016da59bab516efb523089139fcc6f2ba7e4930854c61efb932051"},
]

[package.extras]
global = ["pybind11-global (==3.0.1)"]

[[package]]
name = "pyopengl"
version = "3.1.10"
description = "Standard OpenGL bindings for Python"
optional = false
python-versions = "*"
groups = ["main"]
files = [
    {file = "pyopengl-3.1.10-py3-none-any.whl", hash = "sha256:794a943daced39300879e4e47bd94525280685f42dbb5a998d336cfff151d74f"},
    {file = "pyopengl-3.1.10.tar.gz", hash = "sha256:c4a02d6866b54eb119c8e9b3fb04fa835a95ab802dd96607ab4cdb0012df8335"},
]

[[package]]
name = "skia-python"
version = "138.0"
description = "Skia python binding"
optional = false
python-versions = "*"
groups = ["main"]
files = [
    {file = "skia_python-138.0-cp310-cp310-macosx_11_0_arm64.whl", hash = "sha256:a8bcf4f8d6ea08bdf718ed257f9a9c722f643223f9b93230fd4c15ac5c82029f"},
    {file = "skia_python-138.0-cp310-cp310-macosx_11_0_x86_64.whl", hash = "sha256:1b7f24a5b306f57d75b8733658189dd61ce9114a84b5d119b3b1fb09cbc991cb"},
    {file = "skia_python-138.0-cp310-cp310-manylinux_2_28_aarch64.whl", hash = "sha256:2c4164013355bcf255651ac8a0ca519fd6095b6e58fa5e7a057919bec158411d"},
    {file = "skia_python-138.0-cp310-cp310-manylinux_2_28_x86_64.whl", hash = "sha256:63a7f9dc8d5fdda969f35d7f8f3a774029093468a9c06771ccce9ab967b275ca"},
    {file = "skia_python-138.0-cp310-cp310-win_amd64.whl", hash = "sha256:740104424e9c94a70a767adcdbfa2bce131c93a82fa00a50432406dc04bac7e8"},
    {file = "skia_python-138.0-cp311-cp311-macosx_11_0_arm64.whl", hash = "sha256:6e369105b2811b6c32d7f15624202609deeb428164ee395c715df01221c847f5"},
    {file = "skia_python-138.0-cp311-cp311-macosx_11_0_x86_64.whl", hash = "sha256:55a2ae437d1c6dc46d9bbc2e3e0b4b5642022dcebc0634591ae1c8acea52a413"},
    {file = "skia_python-138.0-cp311-cp311-manylinux_2_28_aarch64.whl", hash = "sha256:e67c9bcac953fbeb31b38474a4e566371e5719d4e27032686359cbe602819af8"},
    {file = "skia_python-138.0-cp311-cp311-manylinux_2_28_x86_64.whl", hash = "sha256:4e9fb097849604e290be28a6b4cc29cb0079b0233e599c2f6b2ec635e47169d2"},
    {file = "skia_python-138.0-cp311-cp311-win_amd64.whl", hash = "sha256:df5a0dd52e1038423f2e1c03677cba5ea974d215adec10763dd855f4a6ca0cfc"},
    {file = "skia_python-138.0-cp311-cp311-win_arm64.whl", hash = "sha256:054ca430003d52468974cf69d98719e61f188630709a3706a868efc16e817970"},
    {file = "skia_python-138.0-cp312-cp312-macosx_11_0_arm64.whl", hash = "sha256:6b83d7b8101038ab0fcb920b1a91c872615e45b0ac19fe0c66b55d3ad0d61970"},
    {file = "skia_python-138.0-cp312-cp312-macosx_11_0_x86_64.whl", hash = "sha256:f22060f513b2fc258b4269e631128ca68889107bc4aa65255119f3d9c1c32993"},
    {file = "skia_python-138.0-cp312-cp312-manylinux_2_28_aarch64.whl", hash = "sha256:02b0c2146d25f45224c2c156dd8b859e89265ee5894c3fa8f456c6c41b27122d"},
    {file = "skia_python-138.0-cp312-cp312-manylinux_2_28_x86_64.whl", hash = "sha256:fb9e980a61defcb6ca19d73c97ea23d1aea633a82e9d1dead6ed259c3856baaf"},
    {file = "skia_python-138.0-cp312-cp312-win_amd64.whl", hash = "sha256:625bb95dc225ea2257f1d1f7b0aee203290b91d909c8f5feaa7cd428f13bce22"},
    {file = "skia_python-138.0-cp312-cp312-win_arm64.whl", hash = "sha256:e495143edba2a7cdf59e83723f00c9a247e5baeda4981fc6587803ed46c5ed2a"},
    {file = "skia_python-138.0-cp313-cp313-macosx_11_0_arm64.whl", hash = "sha256:1433b5a0bd4ca1c1d050541f54c25d27d55a129894dbd827d4e440697090ff83"},
    {file = "skia_python-138.0-cp313-cp313-macosx_11_0_x86_64.whl", hash = "sha256:3f053128aa6344fa991c2485f29f40bda77b5f46467a43e778a34ec8f5b3615a"},
    {file = "skia_python-138.0-cp313-cp313-manylinux_2_28_aarch64.whl", hash = "sha256:878212d9576d065a45fd143c57d412bc0496c6594ecfcd9cc2cd93b4fd943cb4"},
    {file = "skia_python-138.0-cp313-cp313-manylinux_2_28_x86_64.whl", hash = "sha256:a6b3e58756a9fa8af3714edc05aeafc7922090f5a276c4be11337f252921dbe8"},
    {file = "skia_python-138.0-cp313-cp313-win_amd64.whl", hash = "sha256:f2d596d5807fafef6bc43440f4df28f71db189f9e2cfb8613224713916837e3c"},
    {file = "skia_python-138.0-cp313-cp313-win_arm64.whl", hash = "sha256:20285bf4ee41da754b842c80076fc4a240cb3801f4a1cbbb50b26a5dca1ebc39"},
    {file = "skia_python-138.0-cp38-cp38-macosx_11_0_arm64.whl", hash = "sha256:ff8dcb98b19e85d565c1d0accf8919e4b8a35d2a121d2d6f1c21fea655c85884"},
    {file = "skia_python-138.0-cp38-cp38-macosx_11_0_x86_64.whl", hash = "sha256:ff3e692214b27490e38caf6ed123d82d2ff762da4561473a5a34fab1cb5dcd14"},
    {file = "skia_python-138.0-cp38-cp38-manylinux_2_28_aarch64.whl", hash = "sha256:db3388f4e6e8f63c9e2b6cb0add0c2e483cbed783558b10eb7d94540f75db9b6"},
    {file = "skia_python-138.0-cp38-cp38-manylinux_2_28_x86_64.whl", hash = "sha256:1dd9306b2025e296ad1d0e2c3038e3221ade1d48dfd0a20ce926f8116603b909"},
    {file = "skia_python-138.0-cp38-cp38-win_amd64.whl", hash = "sha256:9ae5de84629dba4c751b334a8c43b04e9b7fe2a65df26992770648aa5e131b0c"},
    {file = "skia_python-138.0-cp39-cp39-macosx_11_0_arm64.whl", hash = "sha256:736e6618f246444bff2ff73b9efe8fd7159d9048c85ecdffb23290702a5c9099"},
    {file = "skia_python-138.0-cp39-cp39-macosx_11_0_x86_64.whl", hash = "sha256:ab438dfe40d1be3da6fdd94890862781dc4e545a0bfa169a8e9dcc25f3bb0afd"},
    {file = "skia_python-138.0-cp39-cp39-manylinux_2_28_aarch64.whl", hash = "sha256:2f5d842930d1e385aa7911e0705d4751d8e4aa550389baf88d40673672f180b1"},
    {file = "skia_python-138.0-cp39-cp39-manylinux_2_28_x86_64.whl", hash = "sha256:d17ad82d6094f9c7bfc25b6525e1080bf3715abcc848be042c786b365f51a48c"},
    {file = "skia_python-138.0-cp39-cp39-win_amd64.whl", hash = "sha256:0f6136827a269a4a5294d92919bc6fad008da7d7e74256666d81506f863a6ff9"},
]

[package.dependencies]
numpy = "*"
pybind11 = ">=2.6"

[metadata]
lock-version = "2.1"
python-versions = ">=3.11"
content-hash = "f944c031e23a755ad3aca7fe96cce843fb941315ec0029edad52be0753959467"
